{
  "version": 4,
  "terraform_version": "1.1.7",
  "serial": 78,
  "lineage": "caa5ba42-c2ab-6b6d-4831-64938b499cf3",
  "outputs": {
    "bastion": {
      "value": "34.136.248.84",
      "type": "string"
    },
    "jenkins": {
      "value": "34.66.4.108",
      "type": "string"
    }
  },
  "resources": [
    {
      "mode": "data",
      "type": "template_file",
      "name": "influx_db_startup_script",
      "provider": "provider[\"registry.terraform.io/hashicorp/template\"]",
      "instances": [
        {
          "schema_version": 0,
          "attributes": {
            "filename": null,
            "id": "624b75a93d6e50b0ae645c0b41e1f72613d00f7d4afe7ea945a4b680ff90a718",
            "rendered": "#!/bin/bash\r\n\r\nCREATE DATABASE containers;\r\nCREATE DATABASE instances;\r\n",
            "template": "#!/bin/bash\r\n\r\nCREATE DATABASE containers;\r\nCREATE DATABASE instances;\r\n",
            "vars": null
          },
          "sensitive_attributes": []
        }
      ]
    },
    {
      "mode": "data",
      "type": "template_file",
      "name": "jenkins_worker_startup_script",
      "provider": "provider[\"registry.terraform.io/hashicorp/template\"]",
      "instances": [
        {
          "schema_version": 0,
          "attributes": {
            "filename": null,
            "id": "5249dd81ff41d2b7746b10440c404fc37d137b227a338a38703b64052d2d61f7",
            "rendered": "#!/bin/bash\r\n\r\nJENKINS_URL=\"http://34.66.4.108:8080\"\r\nJENKINS_USERNAME=\"jenkins\"\r\nJENKINS_PASSWORD=\"jenkins\"\r\nTOKEN=$(curl -u $JENKINS_USERNAME:$JENKINS_PASSWORD ''$JENKINS_URL'/crumbIssuer/api/xml?xpath=concat(//crumbRequestField,\":\",//crumb)')\r\nINSTANCE_NAME=$(curl -s metadata.google.internal/0.1/meta-data/hostname)\r\nINSTANCE_IP=$(curl -s metadata.google.internal/0.1/meta-data/network | jq -r '.networkInterface[0].ip')\r\nJENKINS_CREDENTIALS_ID=\"jenkins-slaves\"\r\n\r\ncurl -v -u $JENKINS_USERNAME:$JENKINS_PASSWORD -H \"Jenkins-Crumb:$TOKEN\" -d 'script=\r\nimport hudson.model.Node.Mode\r\nimport hudson.slaves.*\r\nimport jenkins.model.Jenkins\r\nimport hudson.plugins.sshslaves.SSHLauncher\r\n\r\nDumbSlave dumb = new DumbSlave(\"'$INSTANCE_NAME'\",\r\n\"'$INSTANCE_NAME'\",\r\n\"/home/ec2-user\",\r\n\"3\",\r\nMode.NORMAL,\r\n\"workers\",\r\nnew SSHLauncher(\"'$INSTANCE_IP'\", 22, \"'$JENKINS_CREDENTIALS_ID'\"),\r\nRetentionStrategy.INSTANCE)\r\nJenkins.instance.addNode(dumb)\r\n' $JENKINS_URL/script",
            "template": "#!/bin/bash\r\n\r\nJENKINS_URL=\"${jenkins_url}\"\r\nJENKINS_USERNAME=\"${jenkins_username}\"\r\nJENKINS_PASSWORD=\"${jenkins_password}\"\r\nTOKEN=$(curl -u $JENKINS_USERNAME:$JENKINS_PASSWORD ''$JENKINS_URL'/crumbIssuer/api/xml?xpath=concat(//crumbRequestField,\":\",//crumb)')\r\nINSTANCE_NAME=$(curl -s metadata.google.internal/0.1/meta-data/hostname)\r\nINSTANCE_IP=$(curl -s metadata.google.internal/0.1/meta-data/network | jq -r '.networkInterface[0].ip')\r\nJENKINS_CREDENTIALS_ID=\"${jenkins_credentials_id}\"\r\n\r\ncurl -v -u $JENKINS_USERNAME:$JENKINS_PASSWORD -H \"Jenkins-Crumb:$TOKEN\" -d 'script=\r\nimport hudson.model.Node.Mode\r\nimport hudson.slaves.*\r\nimport jenkins.model.Jenkins\r\nimport hudson.plugins.sshslaves.SSHLauncher\r\n\r\nDumbSlave dumb = new DumbSlave(\"'$INSTANCE_NAME'\",\r\n\"'$INSTANCE_NAME'\",\r\n\"/home/ec2-user\",\r\n\"3\",\r\nMode.NORMAL,\r\n\"workers\",\r\nnew SSHLauncher(\"'$INSTANCE_IP'\", 22, \"'$JENKINS_CREDENTIALS_ID'\"),\r\nRetentionStrategy.INSTANCE)\r\nJenkins.instance.addNode(dumb)\r\n' $JENKINS_URL/script",
            "vars": {
              "jenkins_credentials_id": "jenkins-slaves",
              "jenkins_password": "jenkins",
              "jenkins_url": "http://34.66.4.108:8080",
              "jenkins_username": "jenkins"
            }
          },
          "sensitive_attributes": []
        }
      ]
    },
    {
      "mode": "managed",
      "type": "google_compute_address",
      "name": "static",
      "provider": "provider[\"registry.terraform.io/hashicorp/google\"]",
      "instances": [
        {
          "schema_version": 0,
          "attributes": {
            "address": "34.136.248.84",
            "address_type": "EXTERNAL",
            "creation_timestamp": "2022-03-28T08:12:52.786-07:00",
            "description": "",
            "id": "projects/eventer-jenkins-cluster/regions/us-central1/addresses/ipv4-address",
            "name": "ipv4-address",
            "network": "",
            "network_tier": "PREMIUM",
            "prefix_length": 0,
            "project": "eventer-jenkins-cluster",
            "purpose": "",
            "region": "us-central1",
            "self_link": "https://www.googleapis.com/compute/v1/projects/eventer-jenkins-cluster/regions/us-central1/addresses/ipv4-address",
            "subnetwork": "",
            "timeouts": null,
            "users": [
              "https://www.googleapis.com/compute/v1/projects/eventer-jenkins-cluster/zones/us-central1-a/instances/bastion"
            ]
          },
          "sensitive_attributes": [],
          "private": "eyJlMmJmYjczMC1lY2FhLTExZTYtOGY4OC0zNDM2M2JjN2M0YzAiOnsiY3JlYXRlIjoxMjAwMDAwMDAwMDAwLCJkZWxldGUiOjEyMDAwMDAwMDAwMDB9fQ=="
        }
      ]
    },
    {
      "mode": "managed",
      "type": "google_compute_autoscaler",
      "name": "influx-db-pool-autoscaler",
      "provider": "provider[\"registry.terraform.io/hashicorp/google\"]",
      "instances": [
        {
          "schema_version": 0,
          "attributes": {
            "autoscaling_policy": [
              {
                "cooldown_period": 60,
                "cpu_utilization": [
                  {
                    "predictive_method": "NONE",
                    "target": 0.8
                  }
                ],
                "load_balancing_utilization": [],
                "max_replicas": 2,
                "metric": [],
                "min_replicas": 1,
                "mode": "ON",
                "scale_in_control": [],
                "scaling_schedules": []
              }
            ],
            "creation_timestamp": "2022-03-28T21:03:14.838-07:00",
            "description": "",
            "id": "projects/eventer-jenkins-cluster/zones/us-central1-a/autoscalers/influx-db-pool-autoscaler",
            "name": "influx-db-pool-autoscaler",
            "project": "eventer-jenkins-cluster",
            "self_link": "https://www.googleapis.com/compute/v1/projects/eventer-jenkins-cluster/zones/us-central1-a/autoscalers/influx-db-pool-autoscaler",
            "target": "https://www.googleapis.com/compute/v1/projects/eventer-jenkins-cluster/zones/us-central1-a/instanceGroupManagers/influx-db",
            "timeouts": null,
            "zone": "https://www.googleapis.com/compute/v1/projects/eventer-jenkins-cluster/zones/us-central1-a"
          },
          "sensitive_attributes": [],
          "private": "eyJlMmJmYjczMC1lY2FhLTExZTYtOGY4OC0zNDM2M2JjN2M0YzAiOnsiY3JlYXRlIjoxMjAwMDAwMDAwMDAwLCJkZWxldGUiOjEyMDAwMDAwMDAwMDAsInVwZGF0ZSI6MTIwMDAwMDAwMDAwMH19",
          "dependencies": [
            "data.template_file.influx_db_startup_script",
            "google_compute_instance_group_manager.influx-db-group",
            "google_compute_instance_template.influx-db-template",
            "google_compute_network.management",
            "google_compute_subnetwork.private_subnets",
            "google_compute_target_pool.influx-db-pool"
          ]
        }
      ]
    },
    {
      "mode": "managed",
      "type": "google_compute_autoscaler",
      "name": "jenkins-workers-autoscaler",
      "provider": "provider[\"registry.terraform.io/hashicorp/google\"]",
      "instances": [
        {
          "schema_version": 0,
          "attributes": {
            "autoscaling_policy": [
              {
                "cooldown_period": 60,
                "cpu_utilization": [
                  {
                    "predictive_method": "NONE",
                    "target": 0.8
                  }
                ],
                "load_balancing_utilization": [],
                "max_replicas": 6,
                "metric": [],
                "min_replicas": 2,
                "mode": "ON",
                "scale_in_control": [],
                "scaling_schedules": []
              }
            ],
            "creation_timestamp": "2022-03-28T08:15:23.006-07:00",
            "description": "",
            "id": "projects/eventer-jenkins-cluster/zones/us-central1-a/autoscalers/jenkins-workers-autoscaler",
            "name": "jenkins-workers-autoscaler",
            "project": "eventer-jenkins-cluster",
            "self_link": "https://www.googleapis.com/compute/v1/projects/eventer-jenkins-cluster/zones/us-central1-a/autoscalers/jenkins-workers-autoscaler",
            "target": "https://www.googleapis.com/compute/v1/projects/eventer-jenkins-cluster/zones/us-central1-a/instanceGroupManagers/jenkins-workers",
            "timeouts": null,
            "zone": "https://www.googleapis.com/compute/v1/projects/eventer-jenkins-cluster/zones/us-central1-a"
          },
          "sensitive_attributes": [],
          "private": "eyJlMmJmYjczMC1lY2FhLTExZTYtOGY4OC0zNDM2M2JjN2M0YzAiOnsiY3JlYXRlIjoxMjAwMDAwMDAwMDAwLCJkZWxldGUiOjEyMDAwMDAwMDAwMDAsInVwZGF0ZSI6MTIwMDAwMDAwMDAwMH19",
          "dependencies": [
            "data.template_file.jenkins_worker_startup_script",
            "google_compute_address.static",
            "google_compute_forwarding_rule.jenkins_master_forwarding_rule",
            "google_compute_http_health_check.jenkins_master_health_check",
            "google_compute_instance.bastion",
            "google_compute_instance.jenkins_master",
            "google_compute_instance_group_manager.jenkins-workers-group",
            "google_compute_instance_template.jenkins-worker-template",
            "google_compute_network.management",
            "google_compute_subnetwork.private_subnets",
            "google_compute_subnetwork.public_subnets",
            "google_compute_target_pool.jenkins-master-target-pool",
            "google_compute_target_pool.jenkins-workers-pool"
          ]
        }
      ]
    },
    {
      "mode": "managed",
      "type": "google_compute_firewall",
      "name": "allow_access_to_db",
      "provider": "provider[\"registry.terraform.io/hashicorp/google\"]",
      "instances": [
        {
          "schema_version": 1,
          "attributes": {
            "allow": [
              {
                "ports": [
                  "8086"
                ],
                "protocol": "tcp"
              }
            ],
            "creation_timestamp": "2022-03-28T21:02:36.638-07:00",
            "deny": [],
            "description": "",
            "destination_ranges": [],
            "direction": "INGRESS",
            "disabled": false,
            "enable_logging": null,
            "id": "projects/eventer-jenkins-cluster/global/firewalls/allow-access-to-influx-db",
            "log_config": [],
            "name": "allow-access-to-influx-db",
            "network": "https://www.googleapis.com/compute/v1/projects/eventer-jenkins-cluster/global/networks/management",
            "priority": 1000,
            "project": "eventer-jenkins-cluster",
            "self_link": "https://www.googleapis.com/compute/v1/projects/eventer-jenkins-cluster/global/firewalls/allow-access-to-influx-db",
            "source_ranges": [
              "0.0.0.0/0"
            ],
            "source_service_accounts": null,
            "source_tags": [
              "influx-db"
            ],
            "target_service_accounts": null,
            "target_tags": null,
            "timeouts": null
          },
          "sensitive_attributes": [],
          "private": "eyJlMmJmYjczMC1lY2FhLTExZTYtOGY4OC0zNDM2M2JjN2M0YzAiOnsiY3JlYXRlIjoxMjAwMDAwMDAwMDAwLCJkZWxldGUiOjEyMDAwMDAwMDAwMDAsInVwZGF0ZSI6MTIwMDAwMDAwMDAwMH0sInNjaGVtYV92ZXJzaW9uIjoiMSJ9",
          "dependencies": [
            "google_compute_network.management"
          ]
        }
      ]
    },
    {
      "mode": "managed",
      "type": "google_compute_firewall",
      "name": "allow_access_to_ui",
      "provider": "provider[\"registry.terraform.io/hashicorp/google\"]",
      "instances": [
        {
          "schema_version": 1,
          "attributes": {
            "allow": [
              {
                "ports": [
                  "8080"
                ],
                "protocol": "tcp"
              }
            ],
            "creation_timestamp": "2022-03-28T08:13:05.064-07:00",
            "deny": [],
            "description": "",
            "destination_ranges": [],
            "direction": "INGRESS",
            "disabled": false,
            "enable_logging": null,
            "id": "projects/eventer-jenkins-cluster/global/firewalls/allow-access-to-jenkins-web",
            "log_config": [],
            "name": "allow-access-to-jenkins-web",
            "network": "https://www.googleapis.com/compute/v1/projects/eventer-jenkins-cluster/global/networks/management",
            "priority": 1000,
            "project": "eventer-jenkins-cluster",
            "self_link": "https://www.googleapis.com/compute/v1/projects/eventer-jenkins-cluster/global/firewalls/allow-access-to-jenkins-web",
            "source_ranges": [
              "0.0.0.0/0"
            ],
            "source_service_accounts": [],
            "source_tags": [
              "jenkins-web"
            ],
            "target_service_accounts": [],
            "target_tags": [],
            "timeouts": null
          },
          "sensitive_attributes": [],
          "private": "eyJlMmJmYjczMC1lY2FhLTExZTYtOGY4OC0zNDM2M2JjN2M0YzAiOnsiY3JlYXRlIjoxMjAwMDAwMDAwMDAwLCJkZWxldGUiOjEyMDAwMDAwMDAwMDAsInVwZGF0ZSI6MTIwMDAwMDAwMDAwMH0sInNjaGVtYV92ZXJzaW9uIjoiMSJ9",
          "dependencies": [
            "google_compute_network.management"
          ]
        }
      ]
    },
    {
      "mode": "managed",
      "type": "google_compute_firewall",
      "name": "allow_ssh_to_influx",
      "provider": "provider[\"registry.terraform.io/hashicorp/google\"]",
      "instances": [
        {
          "schema_version": 1,
          "attributes": {
            "allow": [
              {
                "ports": [
                  "22"
                ],
                "protocol": "tcp"
              }
            ],
            "creation_timestamp": "2022-03-28T21:02:36.987-07:00",
            "deny": [],
            "description": "",
            "destination_ranges": [],
            "direction": "INGRESS",
            "disabled": false,
            "enable_logging": null,
            "id": "projects/eventer-jenkins-cluster/global/firewalls/allow-ssh-to-influx",
            "log_config": [],
            "name": "allow-ssh-to-influx",
            "network": "https://www.googleapis.com/compute/v1/projects/eventer-jenkins-cluster/global/networks/management",
            "priority": 1000,
            "project": "eventer-jenkins-cluster",
            "self_link": "https://www.googleapis.com/compute/v1/projects/eventer-jenkins-cluster/global/firewalls/allow-ssh-to-influx",
            "source_ranges": null,
            "source_service_accounts": null,
            "source_tags": [
              "bastion",
              "jenkins-ssh",
              "jenkins-worker"
            ],
            "target_service_accounts": null,
            "target_tags": null,
            "timeouts": null
          },
          "sensitive_attributes": [],
          "private": "eyJlMmJmYjczMC1lY2FhLTExZTYtOGY4OC0zNDM2M2JjN2M0YzAiOnsiY3JlYXRlIjoxMjAwMDAwMDAwMDAwLCJkZWxldGUiOjEyMDAwMDAwMDAwMDAsInVwZGF0ZSI6MTIwMDAwMDAwMDAwMH0sInNjaGVtYV92ZXJzaW9uIjoiMSJ9",
          "dependencies": [
            "google_compute_network.management"
          ]
        }
      ]
    },
    {
      "mode": "managed",
      "type": "google_compute_firewall",
      "name": "allow_ssh_to_jenkins",
      "provider": "provider[\"registry.terraform.io/hashicorp/google\"]",
      "instances": [
        {
          "schema_version": 1,
          "attributes": {
            "allow": [
              {
                "ports": [
                  "22"
                ],
                "protocol": "tcp"
              }
            ],
            "creation_timestamp": "2022-03-28T08:13:05.058-07:00",
            "deny": [],
            "description": "",
            "destination_ranges": [],
            "direction": "INGRESS",
            "disabled": false,
            "enable_logging": null,
            "id": "projects/eventer-jenkins-cluster/global/firewalls/allow-ssh-to-jenkins",
            "log_config": [],
            "name": "allow-ssh-to-jenkins",
            "network": "https://www.googleapis.com/compute/v1/projects/eventer-jenkins-cluster/global/networks/management",
            "priority": 1000,
            "project": "eventer-jenkins-cluster",
            "self_link": "https://www.googleapis.com/compute/v1/projects/eventer-jenkins-cluster/global/firewalls/allow-ssh-to-jenkins",
            "source_ranges": [],
            "source_service_accounts": [],
            "source_tags": [
              "bastion",
              "jenkins-ssh"
            ],
            "target_service_accounts": [],
            "target_tags": [],
            "timeouts": null
          },
          "sensitive_attributes": [],
          "private": "eyJlMmJmYjczMC1lY2FhLTExZTYtOGY4OC0zNDM2M2JjN2M0YzAiOnsiY3JlYXRlIjoxMjAwMDAwMDAwMDAwLCJkZWxldGUiOjEyMDAwMDAwMDAwMDAsInVwZGF0ZSI6MTIwMDAwMDAwMDAwMH0sInNjaGVtYV92ZXJzaW9uIjoiMSJ9",
          "dependencies": [
            "google_compute_network.management"
          ]
        }
      ]
    },
    {
      "mode": "managed",
      "type": "google_compute_firewall",
      "name": "allow_ssh_to_worker",
      "provider": "provider[\"registry.terraform.io/hashicorp/google\"]",
      "instances": [
        {
          "schema_version": 1,
          "attributes": {
            "allow": [
              {
                "ports": [
                  "22"
                ],
                "protocol": "tcp"
              }
            ],
            "creation_timestamp": "2022-03-28T08:13:05.197-07:00",
            "deny": [],
            "description": "",
            "destination_ranges": [],
            "direction": "INGRESS",
            "disabled": false,
            "enable_logging": null,
            "id": "projects/eventer-jenkins-cluster/global/firewalls/allow-ssh-to-worker",
            "log_config": [],
            "name": "allow-ssh-to-worker",
            "network": "https://www.googleapis.com/compute/v1/projects/eventer-jenkins-cluster/global/networks/management",
            "priority": 1000,
            "project": "eventer-jenkins-cluster",
            "self_link": "https://www.googleapis.com/compute/v1/projects/eventer-jenkins-cluster/global/firewalls/allow-ssh-to-worker",
            "source_ranges": [],
            "source_service_accounts": [],
            "source_tags": [
              "bastion",
              "jenkins-ssh",
              "jenkins-worker"
            ],
            "target_service_accounts": [],
            "target_tags": [],
            "timeouts": null
          },
          "sensitive_attributes": [],
          "private": "eyJlMmJmYjczMC1lY2FhLTExZTYtOGY4OC0zNDM2M2JjN2M0YzAiOnsiY3JlYXRlIjoxMjAwMDAwMDAwMDAwLCJkZWxldGUiOjEyMDAwMDAwMDAwMDAsInVwZGF0ZSI6MTIwMDAwMDAwMDAwMH0sInNjaGVtYV92ZXJzaW9uIjoiMSJ9",
          "dependencies": [
            "google_compute_network.management"
          ]
        }
      ]
    },
    {
      "mode": "managed",
      "type": "google_compute_firewall",
      "name": "allow_ssl_to_bastion",
      "provider": "provider[\"registry.terraform.io/hashicorp/google\"]",
      "instances": [
        {
          "schema_version": 1,
          "attributes": {
            "allow": [
              {
                "ports": [
                  "22"
                ],
                "protocol": "tcp"
              }
            ],
            "creation_timestamp": "2022-03-28T08:13:05.099-07:00",
            "deny": [],
            "description": "",
            "destination_ranges": [],
            "direction": "INGRESS",
            "disabled": false,
            "enable_logging": null,
            "id": "projects/eventer-jenkins-cluster/global/firewalls/allow-ssl-to-bastion",
            "log_config": [],
            "name": "allow-ssl-to-bastion",
            "network": "https://www.googleapis.com/compute/v1/projects/eventer-jenkins-cluster/global/networks/management",
            "priority": 1000,
            "project": "eventer-jenkins-cluster",
            "self_link": "https://www.googleapis.com/compute/v1/projects/eventer-jenkins-cluster/global/firewalls/allow-ssl-to-bastion",
            "source_ranges": [
              "0.0.0.0/0"
            ],
            "source_service_accounts": [],
            "source_tags": [
              "bastion"
            ],
            "target_service_accounts": [],
            "target_tags": [],
            "timeouts": null
          },
          "sensitive_attributes": [],
          "private": "eyJlMmJmYjczMC1lY2FhLTExZTYtOGY4OC0zNDM2M2JjN2M0YzAiOnsiY3JlYXRlIjoxMjAwMDAwMDAwMDAwLCJkZWxldGUiOjEyMDAwMDAwMDAwMDAsInVwZGF0ZSI6MTIwMDAwMDAwMDAwMH0sInNjaGVtYV92ZXJzaW9uIjoiMSJ9",
          "dependencies": [
            "google_compute_network.management"
          ]
        }
      ]
    },
    {
      "mode": "managed",
      "type": "google_compute_forwarding_rule",
      "name": "jenkins_master_forwarding_rule",
      "provider": "provider[\"registry.terraform.io/hashicorp/google\"]",
      "instances": [
        {
          "schema_version": 0,
          "attributes": {
            "all_ports": false,
            "allow_global_access": false,
            "backend_service": "",
            "creation_timestamp": "2022-03-28T08:14:20.198-07:00",
            "description": "",
            "id": "projects/eventer-jenkins-cluster/regions/us-central1/forwardingRules/jenkins-master-forwarding-rule",
            "ip_address": "34.66.4.108",
            "ip_protocol": "TCP",
            "is_mirroring_collector": false,
            "label_fingerprint": "42WmSpB8rSM=",
            "labels": {},
            "load_balancing_scheme": "EXTERNAL",
            "name": "jenkins-master-forwarding-rule",
            "network": "",
            "network_tier": "PREMIUM",
            "port_range": "8080",
            "ports": [],
            "project": "eventer-jenkins-cluster",
            "region": "us-central1",
            "self_link": "https://www.googleapis.com/compute/v1/projects/eventer-jenkins-cluster/regions/us-central1/forwardingRules/jenkins-master-forwarding-rule",
            "service_label": "",
            "service_name": "",
            "subnetwork": "",
            "target": "https://www.googleapis.com/compute/v1/projects/eventer-jenkins-cluster/regions/us-central1/targetPools/jenkins-master-target-pool",
            "timeouts": null
          },
          "sensitive_attributes": [],
          "private": "eyJlMmJmYjczMC1lY2FhLTExZTYtOGY4OC0zNDM2M2JjN2M0YzAiOnsiY3JlYXRlIjoxMjAwMDAwMDAwMDAwLCJkZWxldGUiOjEyMDAwMDAwMDAwMDAsInVwZGF0ZSI6MTIwMDAwMDAwMDAwMH19",
          "dependencies": [
            "google_compute_address.static",
            "google_compute_http_health_check.jenkins_master_health_check",
            "google_compute_instance.bastion",
            "google_compute_instance.jenkins_master",
            "google_compute_network.management",
            "google_compute_subnetwork.private_subnets",
            "google_compute_subnetwork.public_subnets",
            "google_compute_target_pool.jenkins-master-target-pool"
          ]
        }
      ]
    },
    {
      "mode": "managed",
      "type": "google_compute_http_health_check",
      "name": "jenkins_master_health_check",
      "provider": "provider[\"registry.terraform.io/hashicorp/google\"]",
      "instances": [
        {
          "schema_version": 0,
          "attributes": {
            "check_interval_sec": 5,
            "creation_timestamp": "2022-03-28T08:12:52.897-07:00",
            "description": "",
            "healthy_threshold": 2,
            "host": "",
            "id": "projects/eventer-jenkins-cluster/global/httpHealthChecks/jenkins-master-health-check",
            "name": "jenkins-master-health-check",
            "port": 8080,
            "project": "eventer-jenkins-cluster",
            "request_path": "/",
            "self_link": "https://www.googleapis.com/compute/v1/projects/eventer-jenkins-cluster/global/httpHealthChecks/jenkins-master-health-check",
            "timeout_sec": 4,
            "timeouts": null,
            "unhealthy_threshold": 2
          },
          "sensitive_attributes": [],
          "private": "eyJlMmJmYjczMC1lY2FhLTExZTYtOGY4OC0zNDM2M2JjN2M0YzAiOnsiY3JlYXRlIjoxMjAwMDAwMDAwMDAwLCJkZWxldGUiOjEyMDAwMDAwMDAwMDAsInVwZGF0ZSI6MTIwMDAwMDAwMDAwMH19"
        }
      ]
    },
    {
      "mode": "managed",
      "type": "google_compute_instance",
      "name": "bastion",
      "provider": "provider[\"registry.terraform.io/hashicorp/google\"]",
      "instances": [
        {
          "schema_version": 6,
          "attributes": {
            "advanced_machine_features": [],
            "allow_stopping_for_update": null,
            "attached_disk": [],
            "boot_disk": [
              {
                "auto_delete": true,
                "device_name": "persistent-disk-0",
                "disk_encryption_key_raw": "",
                "disk_encryption_key_sha256": "",
                "initialize_params": [
                  {
                    "image": "https://www.googleapis.com/compute/v1/projects/centos-cloud/global/images/centos-8-v20200316",
                    "labels": {},
                    "size": 10,
                    "type": "pd-standard"
                  }
                ],
                "kms_key_self_link": "",
                "mode": "READ_WRITE",
                "source": "https://www.googleapis.com/compute/v1/projects/eventer-jenkins-cluster/zones/us-central1-a/disks/bastion"
              }
            ],
            "can_ip_forward": false,
            "confidential_instance_config": [],
            "cpu_platform": "Intel Haswell",
            "current_status": "RUNNING",
            "deletion_protection": false,
            "description": "",
            "desired_status": null,
            "enable_display": false,
            "guest_accelerator": [],
            "hostname": "",
            "id": "projects/eventer-jenkins-cluster/zones/us-central1-a/instances/bastion",
            "instance_id": "452641272145669750",
            "label_fingerprint": "42WmSpB8rSM=",
            "labels": {},
            "machine_type": "f1-micro",
            "metadata": {
              "ssh-keys": "packer:ssh-rsa AAAAB3NzaC1yc2EAAAADAQABAAABgQC/8yNFkOsnKgifvFP51yMWyDxyLUwvXVI/uKwDgm5u74HjLZw226p+ao5RSQ4aNWtnZ1Ufe8hXaO6PE5RLVAuHqHQWb5xCSDd9Yd7i+dIf5vtkTiP+ZRK8YXZHan3PtdP6bTyb/IK5W62w4cdAysEZf4z42WzsNnK8yUBo0T1r/f0ZFK2CJ9JKqZDflgUBHdpVZv3EoD8uQZCJ0PrE9QY8IpBJl5E0e9rzmvFgOamoEeef9/AnXy0//CJSyydxUM/2YvuNMz/jx15oOoOK9iHr8FtwE2nq84z+cT6k9zgvIpbo7kmvXvindWN8W6Q4voKwAr1efiNYONvHnepMWJQIahHN3UGL3iKSRPeLJb/fllJEoDUT7b3RpIMhGWdgfV0Cuh8mHiCN5EnvDCBaWkjlzLPrZnrzS1sy1HxrHtdVa4+AHL9CEwXALfKWSsLPa5kuU1k79EdoeYO0RpR3zb6SU5SDW8d5dCia8EW5NsHhtn68FOuK9rer0cGTg+fkcf8= user@DESKTOP-6D1I3R5\r\n"
            },
            "metadata_fingerprint": "HCTT5Vh82Ek=",
            "metadata_startup_script": null,
            "min_cpu_platform": "",
            "name": "bastion",
            "network_interface": [
              {
                "access_config": [
                  {
                    "nat_ip": "34.136.248.84",
                    "network_tier": "PREMIUM",
                    "public_ptr_domain_name": ""
                  }
                ],
                "alias_ip_range": [],
                "ipv6_access_config": [],
                "ipv6_access_type": "",
                "name": "nic0",
                "network": "https://www.googleapis.com/compute/v1/projects/eventer-jenkins-cluster/global/networks/management",
                "network_ip": "10.0.1.2",
                "nic_type": "",
                "queue_count": 0,
                "stack_type": "IPV4_ONLY",
                "subnetwork": "https://www.googleapis.com/compute/v1/projects/eventer-jenkins-cluster/regions/us-central1/subnetworks/public-10-0-1-0",
                "subnetwork_project": "eventer-jenkins-cluster"
              }
            ],
            "project": "eventer-jenkins-cluster",
            "reservation_affinity": [],
            "resource_policies": [],
            "scheduling": [
              {
                "automatic_restart": true,
                "min_node_cpus": 0,
                "node_affinities": [],
                "on_host_maintenance": "MIGRATE",
                "preemptible": false
              }
            ],
            "scratch_disk": [],
            "self_link": "https://www.googleapis.com/compute/v1/projects/eventer-jenkins-cluster/zones/us-central1-a/instances/bastion",
            "service_account": [],
            "shielded_instance_config": [],
            "tags": [
              "bastion"
            ],
            "tags_fingerprint": "NfTTNVh6sLU=",
            "timeouts": null,
            "zone": "us-central1-a"
          },
          "sensitive_attributes": [],
          "private": "eyJlMmJmYjczMC1lY2FhLTExZTYtOGY4OC0zNDM2M2JjN2M0YzAiOnsiY3JlYXRlIjoxMjAwMDAwMDAwMDAwLCJkZWxldGUiOjEyMDAwMDAwMDAwMDAsInVwZGF0ZSI6MTIwMDAwMDAwMDAwMH0sInNjaGVtYV92ZXJzaW9uIjoiNiJ9",
          "dependencies": [
            "google_compute_address.static",
            "google_compute_network.management",
            "google_compute_subnetwork.public_subnets"
          ]
        }
      ]
    },
    {
      "mode": "managed",
      "type": "google_compute_instance",
      "name": "jenkins_master",
      "provider": "provider[\"registry.terraform.io/hashicorp/google\"]",
      "instances": [
        {
          "schema_version": 6,
          "attributes": {
            "advanced_machine_features": [],
            "allow_stopping_for_update": null,
            "attached_disk": [],
            "boot_disk": [
              {
                "auto_delete": true,
                "device_name": "persistent-disk-0",
                "disk_encryption_key_raw": "",
                "disk_encryption_key_sha256": "",
                "initialize_params": [
                  {
                    "image": "https://www.googleapis.com/compute/v1/projects/eventer-jenkins-cluster/global/images/jenkins-master-v22041",
                    "labels": {},
                    "size": 20,
                    "type": "pd-standard"
                  }
                ],
                "kms_key_self_link": "",
                "mode": "READ_WRITE",
                "source": "https://www.googleapis.com/compute/v1/projects/eventer-jenkins-cluster/zones/us-central1-a/disks/jenkins-master"
              }
            ],
            "can_ip_forward": false,
            "confidential_instance_config": [],
            "cpu_platform": "Intel Haswell",
            "current_status": "RUNNING",
            "deletion_protection": false,
            "description": "",
            "desired_status": null,
            "enable_display": false,
            "guest_accelerator": [],
            "hostname": "",
            "id": "projects/eventer-jenkins-cluster/zones/us-central1-a/instances/jenkins-master",
            "instance_id": "2610402398927875677",
            "label_fingerprint": "42WmSpB8rSM=",
            "labels": {},
            "machine_type": "n1-standard-1",
            "metadata": {
              "ssh-keys": "packer:ssh-rsa AAAAB3NzaC1yc2EAAAADAQABAAABgQC/8yNFkOsnKgifvFP51yMWyDxyLUwvXVI/uKwDgm5u74HjLZw226p+ao5RSQ4aNWtnZ1Ufe8hXaO6PE5RLVAuHqHQWb5xCSDd9Yd7i+dIf5vtkTiP+ZRK8YXZHan3PtdP6bTyb/IK5W62w4cdAysEZf4z42WzsNnK8yUBo0T1r/f0ZFK2CJ9JKqZDflgUBHdpVZv3EoD8uQZCJ0PrE9QY8IpBJl5E0e9rzmvFgOamoEeef9/AnXy0//CJSyydxUM/2YvuNMz/jx15oOoOK9iHr8FtwE2nq84z+cT6k9zgvIpbo7kmvXvindWN8W6Q4voKwAr1efiNYONvHnepMWJQIahHN3UGL3iKSRPeLJb/fllJEoDUT7b3RpIMhGWdgfV0Cuh8mHiCN5EnvDCBaWkjlzLPrZnrzS1sy1HxrHtdVa4+AHL9CEwXALfKWSsLPa5kuU1k79EdoeYO0RpR3zb6SU5SDW8d5dCia8EW5NsHhtn68FOuK9rer0cGTg+fkcf8= user@DESKTOP-6D1I3R5\r\n"
            },
            "metadata_fingerprint": "HCTT5Vh82Ek=",
            "metadata_startup_script": null,
            "min_cpu_platform": "",
            "name": "jenkins-master",
            "network_interface": [
              {
                "access_config": [],
                "alias_ip_range": [],
                "ipv6_access_config": [],
                "ipv6_access_type": "",
                "name": "nic0",
                "network": "https://www.googleapis.com/compute/v1/projects/eventer-jenkins-cluster/global/networks/management",
                "network_ip": "10.0.0.2",
                "nic_type": "",
                "queue_count": 0,
                "stack_type": "IPV4_ONLY",
                "subnetwork": "https://www.googleapis.com/compute/v1/projects/eventer-jenkins-cluster/regions/us-central1/subnetworks/private-10-0-0-0",
                "subnetwork_project": "eventer-jenkins-cluster"
              }
            ],
            "project": "eventer-jenkins-cluster",
            "reservation_affinity": [],
            "resource_policies": [],
            "scheduling": [
              {
                "automatic_restart": true,
                "min_node_cpus": 0,
                "node_affinities": [],
                "on_host_maintenance": "MIGRATE",
                "preemptible": false
              }
            ],
            "scratch_disk": [],
            "self_link": "https://www.googleapis.com/compute/v1/projects/eventer-jenkins-cluster/zones/us-central1-a/instances/jenkins-master",
            "service_account": [],
            "shielded_instance_config": [
              {
                "enable_integrity_monitoring": true,
                "enable_secure_boot": false,
                "enable_vtpm": true
              }
            ],
            "tags": [
              "jenkins-ssh",
              "jenkins-web"
            ],
            "tags_fingerprint": "76p_tfNyHZA=",
            "timeouts": null,
            "zone": "us-central1-a"
          },
          "sensitive_attributes": [],
          "private": "eyJlMmJmYjczMC1lY2FhLTExZTYtOGY4OC0zNDM2M2JjN2M0YzAiOnsiY3JlYXRlIjoxMjAwMDAwMDAwMDAwLCJkZWxldGUiOjEyMDAwMDAwMDAwMDAsInVwZGF0ZSI6MTIwMDAwMDAwMDAwMH0sInNjaGVtYV92ZXJzaW9uIjoiNiJ9",
          "dependencies": [
            "google_compute_address.static",
            "google_compute_instance.bastion",
            "google_compute_network.management",
            "google_compute_subnetwork.private_subnets",
            "google_compute_subnetwork.public_subnets"
          ]
        }
      ]
    },
    {
      "mode": "managed",
      "type": "google_compute_instance_group_manager",
      "name": "influx-db-group",
      "provider": "provider[\"registry.terraform.io/hashicorp/google-beta\"]",
      "instances": [
        {
          "schema_version": 0,
          "attributes": {
            "auto_healing_policies": [],
            "base_instance_name": "influx-db",
            "description": "",
            "fingerprint": "g9Y3RW-RDAk=",
            "id": "projects/eventer-jenkins-cluster/zones/us-central1-a/instanceGroupManagers/influx-db",
            "instance_group": "https://www.googleapis.com/compute/v1/projects/eventer-jenkins-cluster/zones/us-central1-a/instanceGroups/influx-db",
            "name": "influx-db",
            "named_port": [],
            "operation": null,
            "project": "eventer-jenkins-cluster",
            "self_link": "https://www.googleapis.com/compute/v1/projects/eventer-jenkins-cluster/zones/us-central1-a/instanceGroupManagers/influx-db",
            "stateful_disk": [],
            "status": [
              {
                "is_stable": false,
                "stateful": [
                  {
                    "has_stateful_config": false,
                    "per_instance_configs": [
                      {
                        "all_effective": true
                      }
                    ]
                  }
                ],
                "version_target": [
                  {
                    "is_reached": true
                  }
                ]
              }
            ],
            "target_pools": [
              "projects/eventer-jenkins-cluster/regions/us-central1/targetPools/influx-db-pool"
            ],
            "target_size": 1,
            "timeouts": null,
            "update_policy": [
              {
                "max_surge_fixed": 1,
                "max_surge_percent": 0,
                "max_unavailable_fixed": 1,
                "max_unavailable_percent": 0,
                "min_ready_sec": 0,
                "minimal_action": "REPLACE",
                "replacement_method": "SUBSTITUTE",
                "type": "OPPORTUNISTIC"
              }
            ],
            "version": [
              {
                "instance_template": "https://www.googleapis.com/compute/v1/projects/eventer-jenkins-cluster/global/instanceTemplates/influx-db20220329040236028500000001",
                "name": "",
                "target_size": []
              }
            ],
            "wait_for_instances": false,
            "wait_for_instances_status": "STABLE",
            "zone": "us-central1-a"
          },
          "sensitive_attributes": [],
          "private": "eyJlMmJmYjczMC1lY2FhLTExZTYtOGY4OC0zNDM2M2JjN2M0YzAiOnsiY3JlYXRlIjo5MDAwMDAwMDAwMDAsImRlbGV0ZSI6OTAwMDAwMDAwMDAwLCJ1cGRhdGUiOjkwMDAwMDAwMDAwMH19",
          "dependencies": [
            "data.template_file.influx_db_startup_script",
            "google_compute_instance_template.influx-db-template",
            "google_compute_network.management",
            "google_compute_subnetwork.private_subnets",
            "google_compute_target_pool.influx-db-pool"
          ]
        }
      ]
    },
    {
      "mode": "managed",
      "type": "google_compute_instance_group_manager",
      "name": "jenkins-workers-group",
      "provider": "provider[\"registry.terraform.io/hashicorp/google-beta\"]",
      "instances": [
        {
          "schema_version": 0,
          "attributes": {
            "auto_healing_policies": [],
            "base_instance_name": "jenkins-worker",
            "description": "",
            "fingerprint": "P-sPANcvrEM=",
            "id": "projects/eventer-jenkins-cluster/zones/us-central1-a/instanceGroupManagers/jenkins-workers",
            "instance_group": "https://www.googleapis.com/compute/v1/projects/eventer-jenkins-cluster/zones/us-central1-a/instanceGroups/jenkins-workers",
            "name": "jenkins-workers",
            "named_port": [],
            "operation": null,
            "project": "eventer-jenkins-cluster",
            "self_link": "https://www.googleapis.com/compute/v1/projects/eventer-jenkins-cluster/zones/us-central1-a/instanceGroupManagers/jenkins-workers",
            "stateful_disk": [],
            "status": [
              {
                "is_stable": true,
                "stateful": [
                  {
                    "has_stateful_config": false,
                    "per_instance_configs": [
                      {
                        "all_effective": true
                      }
                    ]
                  }
                ],
                "version_target": [
                  {
                    "is_reached": true
                  }
                ]
              }
            ],
            "target_pools": [
              "https://www.googleapis.com/compute/v1/projects/eventer-jenkins-cluster/regions/us-central1/targetPools/jenkins-workers-pool"
            ],
            "target_size": 2,
            "timeouts": null,
            "update_policy": [
              {
                "max_surge_fixed": 1,
                "max_surge_percent": 0,
                "max_unavailable_fixed": 1,
                "max_unavailable_percent": 0,
                "min_ready_sec": 0,
                "minimal_action": "REPLACE",
                "replacement_method": "SUBSTITUTE",
                "type": "OPPORTUNISTIC"
              }
            ],
            "version": [
              {
                "instance_template": "https://www.googleapis.com/compute/v1/projects/eventer-jenkins-cluster/global/instanceTemplates/jenkins-worker20220328151443986600000001",
                "name": "",
                "target_size": []
              }
            ],
            "wait_for_instances": false,
            "wait_for_instances_status": "STABLE",
            "zone": "us-central1-a"
          },
          "sensitive_attributes": [],
          "private": "eyJlMmJmYjczMC1lY2FhLTExZTYtOGY4OC0zNDM2M2JjN2M0YzAiOnsiY3JlYXRlIjo5MDAwMDAwMDAwMDAsImRlbGV0ZSI6OTAwMDAwMDAwMDAwLCJ1cGRhdGUiOjkwMDAwMDAwMDAwMH19",
          "dependencies": [
            "data.template_file.jenkins_worker_startup_script",
            "google_compute_address.static",
            "google_compute_forwarding_rule.jenkins_master_forwarding_rule",
            "google_compute_http_health_check.jenkins_master_health_check",
            "google_compute_instance.bastion",
            "google_compute_instance.jenkins_master",
            "google_compute_instance_template.jenkins-worker-template",
            "google_compute_network.management",
            "google_compute_subnetwork.private_subnets",
            "google_compute_subnetwork.public_subnets",
            "google_compute_target_pool.jenkins-master-target-pool",
            "google_compute_target_pool.jenkins-workers-pool"
          ]
        }
      ]
    },
    {
      "mode": "managed",
      "type": "google_compute_instance_template",
      "name": "influx-db-template",
      "provider": "provider[\"registry.terraform.io/hashicorp/google\"]",
      "instances": [
        {
          "schema_version": 1,
          "attributes": {
            "advanced_machine_features": [],
            "can_ip_forward": false,
            "confidential_instance_config": null,
            "description": "Influx db indtances template",
            "disk": [
              {
                "auto_delete": true,
                "boot": true,
                "device_name": "persistent-disk-0",
                "disk_encryption_key": [],
                "disk_name": "",
                "disk_size_gb": 30,
                "disk_type": "pd-standard",
                "interface": "SCSI",
                "labels": null,
                "mode": "READ_WRITE",
                "resource_policies": null,
                "source": "",
                "source_image": "projects/eventer-jenkins-cluster/global/images/influx-db",
                "type": "PERSISTENT"
              }
            ],
            "guest_accelerator": [],
            "id": "projects/eventer-jenkins-cluster/global/instanceTemplates/influx-db20220329040236028500000001",
            "instance_description": "",
            "labels": null,
            "machine_type": "n1-standard-1",
            "metadata": {
              "ssh-keys": "packer:ssh-rsa AAAAB3NzaC1yc2EAAAADAQABAAABgQC/8yNFkOsnKgifvFP51yMWyDxyLUwvXVI/uKwDgm5u74HjLZw226p+ao5RSQ4aNWtnZ1Ufe8hXaO6PE5RLVAuHqHQWb5xCSDd9Yd7i+dIf5vtkTiP+ZRK8YXZHan3PtdP6bTyb/IK5W62w4cdAysEZf4z42WzsNnK8yUBo0T1r/f0ZFK2CJ9JKqZDflgUBHdpVZv3EoD8uQZCJ0PrE9QY8IpBJl5E0e9rzmvFgOamoEeef9/AnXy0//CJSyydxUM/2YvuNMz/jx15oOoOK9iHr8FtwE2nq84z+cT6k9zgvIpbo7kmvXvindWN8W6Q4voKwAr1efiNYONvHnepMWJQIahHN3UGL3iKSRPeLJb/fllJEoDUT7b3RpIMhGWdgfV0Cuh8mHiCN5EnvDCBaWkjlzLPrZnrzS1sy1HxrHtdVa4+AHL9CEwXALfKWSsLPa5kuU1k79EdoeYO0RpR3zb6SU5SDW8d5dCia8EW5NsHhtn68FOuK9rer0cGTg+fkcf8= user@DESKTOP-6D1I3R5\r\n"
            },
            "metadata_fingerprint": "aobE2bIMjzk=",
            "metadata_startup_script": "#!/bin/bash\r\n\r\nCREATE DATABASE containers;\r\nCREATE DATABASE instances;\r\n",
            "min_cpu_platform": "",
            "name": "influx-db20220329040236028500000001",
            "name_prefix": "influx-db",
            "network_interface": [
              {
                "access_config": [],
                "alias_ip_range": [],
                "ipv6_access_config": [],
                "ipv6_access_type": "",
                "name": "nic0",
                "network": "https://www.googleapis.com/compute/v1/projects/eventer-jenkins-cluster/global/networks/management",
                "network_ip": "",
                "nic_type": "",
                "queue_count": 0,
                "stack_type": "",
                "subnetwork": "https://www.googleapis.com/compute/v1/projects/eventer-jenkins-cluster/regions/us-central1/subnetworks/private-10-0-0-0",
                "subnetwork_project": "eventer-jenkins-cluster"
              }
            ],
            "project": "eventer-jenkins-cluster",
            "region": "us-central1",
            "reservation_affinity": [],
            "scheduling": [
              {
                "automatic_restart": true,
                "min_node_cpus": 0,
                "node_affinities": [],
                "on_host_maintenance": "MIGRATE",
                "preemptible": false
              }
            ],
            "self_link": "https://www.googleapis.com/compute/v1/projects/eventer-jenkins-cluster/global/instanceTemplates/influx-db20220329040236028500000001",
            "service_account": [],
            "shielded_instance_config": [],
            "tags": [
              "influx-db"
            ],
            "tags_fingerprint": "",
            "timeouts": null
          },
          "sensitive_attributes": [],
          "private": "eyJlMmJmYjczMC1lY2FhLTExZTYtOGY4OC0zNDM2M2JjN2M0YzAiOnsiY3JlYXRlIjoyNDAwMDAwMDAwMDAsImRlbGV0ZSI6MjQwMDAwMDAwMDAwfSwic2NoZW1hX3ZlcnNpb24iOiIxIn0=",
          "dependencies": [
            "data.template_file.influx_db_startup_script",
            "google_compute_network.management",
            "google_compute_subnetwork.private_subnets"
          ]
        }
      ]
    },
    {
      "mode": "managed",
      "type": "google_compute_instance_template",
      "name": "jenkins-worker-template",
      "provider": "provider[\"registry.terraform.io/hashicorp/google\"]",
      "instances": [
        {
          "schema_version": 1,
          "attributes": {
            "advanced_machine_features": [],
            "can_ip_forward": false,
            "confidential_instance_config": [],
            "description": "Jenkins workers instances template",
            "disk": [
              {
                "auto_delete": true,
                "boot": true,
                "device_name": "persistent-disk-0",
                "disk_encryption_key": [],
                "disk_name": "",
                "disk_size_gb": 50,
                "disk_type": "pd-standard",
                "interface": "SCSI",
                "labels": {},
                "mode": "READ_WRITE",
                "resource_policies": [],
                "source": "",
                "source_image": "projects/eventer-jenkins-cluster/global/images/jenkins-worker-2",
                "type": "PERSISTENT"
              }
            ],
            "guest_accelerator": [],
            "id": "projects/eventer-jenkins-cluster/global/instanceTemplates/jenkins-worker20220328151443986600000001",
            "instance_description": "",
            "labels": null,
            "machine_type": "n1-standard-1",
            "metadata": {
              "ssh-keys": "packer:ssh-rsa AAAAB3NzaC1yc2EAAAADAQABAAABgQC/8yNFkOsnKgifvFP51yMWyDxyLUwvXVI/uKwDgm5u74HjLZw226p+ao5RSQ4aNWtnZ1Ufe8hXaO6PE5RLVAuHqHQWb5xCSDd9Yd7i+dIf5vtkTiP+ZRK8YXZHan3PtdP6bTyb/IK5W62w4cdAysEZf4z42WzsNnK8yUBo0T1r/f0ZFK2CJ9JKqZDflgUBHdpVZv3EoD8uQZCJ0PrE9QY8IpBJl5E0e9rzmvFgOamoEeef9/AnXy0//CJSyydxUM/2YvuNMz/jx15oOoOK9iHr8FtwE2nq84z+cT6k9zgvIpbo7kmvXvindWN8W6Q4voKwAr1efiNYONvHnepMWJQIahHN3UGL3iKSRPeLJb/fllJEoDUT7b3RpIMhGWdgfV0Cuh8mHiCN5EnvDCBaWkjlzLPrZnrzS1sy1HxrHtdVa4+AHL9CEwXALfKWSsLPa5kuU1k79EdoeYO0RpR3zb6SU5SDW8d5dCia8EW5NsHhtn68FOuK9rer0cGTg+fkcf8= user@DESKTOP-6D1I3R5\r\n"
            },
            "metadata_fingerprint": "gPASAt6yVu4=",
            "metadata_startup_script": "#!/bin/bash\r\n\r\nJENKINS_URL=\"http://34.66.4.108:8080\"\r\nJENKINS_USERNAME=\"jenkins\"\r\nJENKINS_PASSWORD=\"jenkins\"\r\nTOKEN=$(curl -u $JENKINS_USERNAME:$JENKINS_PASSWORD ''$JENKINS_URL'/crumbIssuer/api/xml?xpath=concat(//crumbRequestField,\":\",//crumb)')\r\nINSTANCE_NAME=$(curl -s metadata.google.internal/0.1/meta-data/hostname)\r\nINSTANCE_IP=$(curl -s metadata.google.internal/0.1/meta-data/network | jq -r '.networkInterface[0].ip')\r\nJENKINS_CREDENTIALS_ID=\"jenkins-slaves\"\r\n\r\ncurl -v -u $JENKINS_USERNAME:$JENKINS_PASSWORD -H \"Jenkins-Crumb:$TOKEN\" -d 'script=\r\nimport hudson.model.Node.Mode\r\nimport hudson.slaves.*\r\nimport jenkins.model.Jenkins\r\nimport hudson.plugins.sshslaves.SSHLauncher\r\n\r\nDumbSlave dumb = new DumbSlave(\"'$INSTANCE_NAME'\",\r\n\"'$INSTANCE_NAME'\",\r\n\"/home/ec2-user\",\r\n\"3\",\r\nMode.NORMAL,\r\n\"workers\",\r\nnew SSHLauncher(\"'$INSTANCE_IP'\", 22, \"'$JENKINS_CREDENTIALS_ID'\"),\r\nRetentionStrategy.INSTANCE)\r\nJenkins.instance.addNode(dumb)\r\n' $JENKINS_URL/script",
            "min_cpu_platform": "",
            "name": "jenkins-worker20220328151443986600000001",
            "name_prefix": "jenkins-worker",
            "network_interface": [
              {
                "access_config": [],
                "alias_ip_range": [],
                "ipv6_access_config": [],
                "ipv6_access_type": "",
                "name": "nic0",
                "network": "https://www.googleapis.com/compute/v1/projects/eventer-jenkins-cluster/global/networks/management",
                "network_ip": "",
                "nic_type": "",
                "queue_count": 0,
                "stack_type": "",
                "subnetwork": "https://www.googleapis.com/compute/v1/projects/eventer-jenkins-cluster/regions/us-central1/subnetworks/private-10-0-0-0",
                "subnetwork_project": "eventer-jenkins-cluster"
              }
            ],
            "project": "eventer-jenkins-cluster",
            "region": "us-central1",
            "reservation_affinity": [],
            "scheduling": [
              {
                "automatic_restart": true,
                "min_node_cpus": 0,
                "node_affinities": [],
                "on_host_maintenance": "MIGRATE",
                "preemptible": false
              }
            ],
            "self_link": "https://www.googleapis.com/compute/v1/projects/eventer-jenkins-cluster/global/instanceTemplates/jenkins-worker20220328151443986600000001",
            "service_account": [],
            "shielded_instance_config": [],
            "tags": [
              "jenkins-worker"
            ],
            "tags_fingerprint": "",
            "timeouts": null
          },
          "sensitive_attributes": [],
          "private": "eyJlMmJmYjczMC1lY2FhLTExZTYtOGY4OC0zNDM2M2JjN2M0YzAiOnsiY3JlYXRlIjoyNDAwMDAwMDAwMDAsImRlbGV0ZSI6MjQwMDAwMDAwMDAwfSwic2NoZW1hX3ZlcnNpb24iOiIxIn0=",
          "dependencies": [
            "data.template_file.jenkins_worker_startup_script",
            "google_compute_address.static",
            "google_compute_forwarding_rule.jenkins_master_forwarding_rule",
            "google_compute_http_health_check.jenkins_master_health_check",
            "google_compute_instance.bastion",
            "google_compute_instance.jenkins_master",
            "google_compute_network.management",
            "google_compute_subnetwork.private_subnets",
            "google_compute_subnetwork.public_subnets",
            "google_compute_target_pool.jenkins-master-target-pool"
          ]
        }
      ]
    },
    {
      "mode": "managed",
      "type": "google_compute_network",
      "name": "management",
      "provider": "provider[\"registry.terraform.io/hashicorp/google\"]",
      "instances": [
        {
          "schema_version": 0,
          "attributes": {
            "auto_create_subnetworks": false,
            "delete_default_routes_on_create": false,
            "description": "",
            "gateway_ipv4": "",
            "id": "projects/eventer-jenkins-cluster/global/networks/management",
            "mtu": 0,
            "name": "management",
            "project": "eventer-jenkins-cluster",
            "routing_mode": "REGIONAL",
            "self_link": "https://www.googleapis.com/compute/v1/projects/eventer-jenkins-cluster/global/networks/management",
            "timeouts": null
          },
          "sensitive_attributes": [],
          "private": "eyJlMmJmYjczMC1lY2FhLTExZTYtOGY4OC0zNDM2M2JjN2M0YzAiOnsiY3JlYXRlIjoxMjAwMDAwMDAwMDAwLCJkZWxldGUiOjEyMDAwMDAwMDAwMDAsInVwZGF0ZSI6MTIwMDAwMDAwMDAwMH19"
        }
      ]
    },
    {
      "mode": "managed",
      "type": "google_compute_router",
      "name": "private_router",
      "provider": "provider[\"registry.terraform.io/hashicorp/google\"]",
      "instances": [
        {
          "schema_version": 0,
          "attributes": {
            "bgp": [],
            "creation_timestamp": "2022-03-28T08:13:05.101-07:00",
            "description": "",
            "encrypted_interconnect_router": false,
            "id": "projects/eventer-jenkins-cluster/regions/us-central1/routers/private-router-management",
            "name": "private-router-management",
            "network": "https://www.googleapis.com/compute/v1/projects/eventer-jenkins-cluster/global/networks/management",
            "project": "eventer-jenkins-cluster",
            "region": "us-central1",
            "self_link": "https://www.googleapis.com/compute/v1/projects/eventer-jenkins-cluster/regions/us-central1/routers/private-router-management",
            "timeouts": null
          },
          "sensitive_attributes": [],
          "private": "eyJlMmJmYjczMC1lY2FhLTExZTYtOGY4OC0zNDM2M2JjN2M0YzAiOnsiY3JlYXRlIjoxMjAwMDAwMDAwMDAwLCJkZWxldGUiOjEyMDAwMDAwMDAwMDAsInVwZGF0ZSI6MTIwMDAwMDAwMDAwMH19",
          "dependencies": [
            "google_compute_network.management"
          ]
        }
      ]
    },
    {
      "mode": "managed",
      "type": "google_compute_router_nat",
      "name": "nat",
      "provider": "provider[\"registry.terraform.io/hashicorp/google\"]",
      "instances": [
        {
          "schema_version": 0,
          "attributes": {
            "drain_nat_ips": [],
            "enable_endpoint_independent_mapping": true,
            "icmp_idle_timeout_sec": 30,
            "id": "eventer-jenkins-cluster/us-central1/private-router-management/nat-management",
            "log_config": [],
            "min_ports_per_vm": 0,
            "name": "nat-management",
            "nat_ip_allocate_option": "AUTO_ONLY",
            "nat_ips": [],
            "project": "eventer-jenkins-cluster",
            "region": "us-central1",
            "router": "private-router-management",
            "source_subnetwork_ip_ranges_to_nat": "LIST_OF_SUBNETWORKS",
            "subnetwork": [
              {
                "name": "https://www.googleapis.com/compute/v1/projects/eventer-jenkins-cluster/regions/us-central1/subnetworks/private-10-0-0-0",
                "secondary_ip_range_names": [],
                "source_ip_ranges_to_nat": [
                  "ALL_IP_RANGES"
                ]
              },
              {
                "name": "https://www.googleapis.com/compute/v1/projects/eventer-jenkins-cluster/regions/us-central1/subnetworks/private-10-0-2-0",
                "secondary_ip_range_names": [],
                "source_ip_ranges_to_nat": [
                  "ALL_IP_RANGES"
                ]
              }
            ],
            "tcp_established_idle_timeout_sec": 1200,
            "tcp_transitory_idle_timeout_sec": 30,
            "timeouts": null,
            "udp_idle_timeout_sec": 30
          },
          "sensitive_attributes": [],
          "private": "eyJlMmJmYjczMC1lY2FhLTExZTYtOGY4OC0zNDM2M2JjN2M0YzAiOnsiY3JlYXRlIjoxMjAwMDAwMDAwMDAwLCJkZWxldGUiOjEyMDAwMDAwMDAwMDAsInVwZGF0ZSI6MTIwMDAwMDAwMDAwMH19",
          "dependencies": [
            "google_compute_network.management",
            "google_compute_router.private_router",
            "google_compute_subnetwork.private_subnets"
          ]
        }
      ]
    },
    {
      "mode": "managed",
      "type": "google_compute_subnetwork",
      "name": "private_subnets",
      "provider": "provider[\"registry.terraform.io/hashicorp/google\"]",
      "instances": [
        {
          "index_key": 0,
          "schema_version": 0,
          "attributes": {
            "creation_timestamp": "2022-03-28T08:13:05.328-07:00",
            "description": "",
            "external_ipv6_prefix": "",
            "fingerprint": null,
            "gateway_address": "10.0.0.1",
            "id": "projects/eventer-jenkins-cluster/regions/us-central1/subnetworks/private-10-0-0-0",
            "ip_cidr_range": "10.0.0.0/24",
            "ipv6_access_type": "",
            "ipv6_cidr_range": "",
            "log_config": [],
            "name": "private-10-0-0-0",
            "network": "https://www.googleapis.com/compute/v1/projects/eventer-jenkins-cluster/global/networks/management",
            "private_ip_google_access": true,
            "private_ipv6_google_access": "DISABLE_GOOGLE_ACCESS",
            "project": "eventer-jenkins-cluster",
            "purpose": "PRIVATE",
            "region": "us-central1",
            "role": "",
            "secondary_ip_range": [],
            "self_link": "https://www.googleapis.com/compute/v1/projects/eventer-jenkins-cluster/regions/us-central1/subnetworks/private-10-0-0-0",
            "stack_type": "IPV4_ONLY",
            "timeouts": null
          },
          "sensitive_attributes": [],
          "private": "eyJlMmJmYjczMC1lY2FhLTExZTYtOGY4OC0zNDM2M2JjN2M0YzAiOnsiY3JlYXRlIjoxMjAwMDAwMDAwMDAwLCJkZWxldGUiOjEyMDAwMDAwMDAwMDAsInVwZGF0ZSI6MTIwMDAwMDAwMDAwMH19",
          "dependencies": [
            "google_compute_network.management"
          ]
        },
        {
          "index_key": 1,
          "schema_version": 0,
          "attributes": {
            "creation_timestamp": "2022-03-28T08:13:05.940-07:00",
            "description": "",
            "external_ipv6_prefix": "",
            "fingerprint": null,
            "gateway_address": "10.0.2.1",
            "id": "projects/eventer-jenkins-cluster/regions/us-central1/subnetworks/private-10-0-2-0",
            "ip_cidr_range": "10.0.2.0/24",
            "ipv6_access_type": "",
            "ipv6_cidr_range": "",
            "log_config": [],
            "name": "private-10-0-2-0",
            "network": "https://www.googleapis.com/compute/v1/projects/eventer-jenkins-cluster/global/networks/management",
            "private_ip_google_access": true,
            "private_ipv6_google_access": "DISABLE_GOOGLE_ACCESS",
            "project": "eventer-jenkins-cluster",
            "purpose": "PRIVATE",
            "region": "us-central1",
            "role": "",
            "secondary_ip_range": [],
            "self_link": "https://www.googleapis.com/compute/v1/projects/eventer-jenkins-cluster/regions/us-central1/subnetworks/private-10-0-2-0",
            "stack_type": "IPV4_ONLY",
            "timeouts": null
          },
          "sensitive_attributes": [],
          "private": "eyJlMmJmYjczMC1lY2FhLTExZTYtOGY4OC0zNDM2M2JjN2M0YzAiOnsiY3JlYXRlIjoxMjAwMDAwMDAwMDAwLCJkZWxldGUiOjEyMDAwMDAwMDAwMDAsInVwZGF0ZSI6MTIwMDAwMDAwMDAwMH19",
          "dependencies": [
            "google_compute_network.management"
          ]
        }
      ]
    },
    {
      "mode": "managed",
      "type": "google_compute_subnetwork",
      "name": "public_subnets",
      "provider": "provider[\"registry.terraform.io/hashicorp/google\"]",
      "instances": [
        {
          "index_key": 0,
          "schema_version": 0,
          "attributes": {
            "creation_timestamp": "2022-03-28T08:13:05.198-07:00",
            "description": "",
            "external_ipv6_prefix": "",
            "fingerprint": null,
            "gateway_address": "10.0.1.1",
            "id": "projects/eventer-jenkins-cluster/regions/us-central1/subnetworks/public-10-0-1-0",
            "ip_cidr_range": "10.0.1.0/24",
            "ipv6_access_type": "",
            "ipv6_cidr_range": "",
            "log_config": [],
            "name": "public-10-0-1-0",
            "network": "https://www.googleapis.com/compute/v1/projects/eventer-jenkins-cluster/global/networks/management",
            "private_ip_google_access": false,
            "private_ipv6_google_access": "DISABLE_GOOGLE_ACCESS",
            "project": "eventer-jenkins-cluster",
            "purpose": "PRIVATE",
            "region": "us-central1",
            "role": "",
            "secondary_ip_range": [],
            "self_link": "https://www.googleapis.com/compute/v1/projects/eventer-jenkins-cluster/regions/us-central1/subnetworks/public-10-0-1-0",
            "stack_type": "IPV4_ONLY",
            "timeouts": null
          },
          "sensitive_attributes": [],
          "private": "eyJlMmJmYjczMC1lY2FhLTExZTYtOGY4OC0zNDM2M2JjN2M0YzAiOnsiY3JlYXRlIjoxMjAwMDAwMDAwMDAwLCJkZWxldGUiOjEyMDAwMDAwMDAwMDAsInVwZGF0ZSI6MTIwMDAwMDAwMDAwMH19",
          "dependencies": [
            "google_compute_network.management"
          ]
        },
        {
          "index_key": 1,
          "schema_version": 0,
          "attributes": {
            "creation_timestamp": "2022-03-28T08:13:05.772-07:00",
            "description": "",
            "external_ipv6_prefix": "",
            "fingerprint": null,
            "gateway_address": "10.0.3.1",
            "id": "projects/eventer-jenkins-cluster/regions/us-central1/subnetworks/public-10-0-3-0",
            "ip_cidr_range": "10.0.3.0/24",
            "ipv6_access_type": "",
            "ipv6_cidr_range": "",
            "log_config": [],
            "name": "public-10-0-3-0",
            "network": "https://www.googleapis.com/compute/v1/projects/eventer-jenkins-cluster/global/networks/management",
            "private_ip_google_access": false,
            "private_ipv6_google_access": "DISABLE_GOOGLE_ACCESS",
            "project": "eventer-jenkins-cluster",
            "purpose": "PRIVATE",
            "region": "us-central1",
            "role": "",
            "secondary_ip_range": [],
            "self_link": "https://www.googleapis.com/compute/v1/projects/eventer-jenkins-cluster/regions/us-central1/subnetworks/public-10-0-3-0",
            "stack_type": "IPV4_ONLY",
            "timeouts": null
          },
          "sensitive_attributes": [],
          "private": "eyJlMmJmYjczMC1lY2FhLTExZTYtOGY4OC0zNDM2M2JjN2M0YzAiOnsiY3JlYXRlIjoxMjAwMDAwMDAwMDAwLCJkZWxldGUiOjEyMDAwMDAwMDAwMDAsInVwZGF0ZSI6MTIwMDAwMDAwMDAwMH19",
          "dependencies": [
            "google_compute_network.management"
          ]
        }
      ]
    },
    {
      "mode": "managed",
      "type": "google_compute_target_pool",
      "name": "influx-db-pool",
      "provider": "provider[\"registry.terraform.io/hashicorp/google-beta\"]",
      "instances": [
        {
          "schema_version": 0,
          "attributes": {
            "backup_pool": "",
            "description": "",
            "failover_ratio": 0,
            "health_checks": null,
            "id": "projects/eventer-jenkins-cluster/regions/us-central1/targetPools/influx-db-pool",
            "instances": [],
            "name": "influx-db-pool",
            "project": "eventer-jenkins-cluster",
            "region": "us-central1",
            "self_link": "https://www.googleapis.com/compute/beta/projects/eventer-jenkins-cluster/regions/us-central1/targetPools/influx-db-pool",
            "session_affinity": "NONE",
            "timeouts": null
          },
          "sensitive_attributes": [],
          "private": "eyJlMmJmYjczMC1lY2FhLTExZTYtOGY4OC0zNDM2M2JjN2M0YzAiOnsiY3JlYXRlIjoyNDAwMDAwMDAwMDAsImRlbGV0ZSI6MjQwMDAwMDAwMDAwLCJ1cGRhdGUiOjI0MDAwMDAwMDAwMH19"
        }
      ]
    },
    {
      "mode": "managed",
      "type": "google_compute_target_pool",
      "name": "jenkins-master-target-pool",
      "provider": "provider[\"registry.terraform.io/hashicorp/google\"]",
      "instances": [
        {
          "schema_version": 0,
          "attributes": {
            "backup_pool": "",
            "description": "",
            "failover_ratio": 0,
            "health_checks": [
              "https://www.googleapis.com/compute/v1/projects/eventer-jenkins-cluster/global/httpHealthChecks/jenkins-master-health-check"
            ],
            "id": "projects/eventer-jenkins-cluster/regions/us-central1/targetPools/jenkins-master-target-pool",
            "instances": [
              "us-central1-a/jenkins-master"
            ],
            "name": "jenkins-master-target-pool",
            "project": "eventer-jenkins-cluster",
            "region": "us-central1",
            "self_link": "https://www.googleapis.com/compute/v1/projects/eventer-jenkins-cluster/regions/us-central1/targetPools/jenkins-master-target-pool",
            "session_affinity": "NONE",
            "timeouts": null
          },
          "sensitive_attributes": [],
          "private": "eyJlMmJmYjczMC1lY2FhLTExZTYtOGY4OC0zNDM2M2JjN2M0YzAiOnsiY3JlYXRlIjoyNDAwMDAwMDAwMDAsImRlbGV0ZSI6MjQwMDAwMDAwMDAwLCJ1cGRhdGUiOjI0MDAwMDAwMDAwMH19",
          "dependencies": [
            "google_compute_address.static",
            "google_compute_http_health_check.jenkins_master_health_check",
            "google_compute_instance.bastion",
            "google_compute_instance.jenkins_master",
            "google_compute_network.management",
            "google_compute_subnetwork.private_subnets",
            "google_compute_subnetwork.public_subnets"
          ]
        }
      ]
    },
    {
      "mode": "managed",
      "type": "google_compute_target_pool",
      "name": "jenkins-workers-pool",
      "provider": "provider[\"registry.terraform.io/hashicorp/google-beta\"]",
      "instances": [
        {
          "schema_version": 0,
          "attributes": {
            "backup_pool": "",
            "description": "",
            "failover_ratio": 0,
            "health_checks": [],
            "id": "projects/eventer-jenkins-cluster/regions/us-central1/targetPools/jenkins-workers-pool",
            "instances": [
              "us-central1-a/jenkins-worker-0vtr",
              "us-central1-a/jenkins-worker-sgh4"
            ],
            "name": "jenkins-workers-pool",
            "project": "eventer-jenkins-cluster",
            "region": "us-central1",
            "self_link": "https://www.googleapis.com/compute/beta/projects/eventer-jenkins-cluster/regions/us-central1/targetPools/jenkins-workers-pool",
            "session_affinity": "NONE",
            "timeouts": null
          },
          "sensitive_attributes": [],
          "private": "eyJlMmJmYjczMC1lY2FhLTExZTYtOGY4OC0zNDM2M2JjN2M0YzAiOnsiY3JlYXRlIjoyNDAwMDAwMDAwMDAsImRlbGV0ZSI6MjQwMDAwMDAwMDAwLCJ1cGRhdGUiOjI0MDAwMDAwMDAwMH19"
        }
      ]
    }
  ]
}
